
Microsoft Visual Studio Solution File, Format Version 12.00
Project("{FAE04EC0-301F-11D3-BF4B-00C04F79EFBC}") = "ISPW5", "ISPW5.csproj", "{386BC344-725F-40C3-907F-B5231951DD0A}"
EndProject
Global
	GlobalSection(SolutionConfigurationPlatforms) = preSolution
		Debug|Any CPU = Debug|Any CPU
		Release|Any CPU = Release|Any CPU
	EndGlobalSection
	GlobalSection(ProjectConfigurationPlatforms) = postSolution
		{386BC344-725F-40C3-907F-B5231951DD0A}.Debug|Any CPU.ActiveCfg = Debug|Any CPU
		{386BC344-725F-40C3-907F-B5231951DD0A}.Debug|Any CPU.Build.0 = Debug|Any CPU
		{386BC344-725F-40C3-907F-B5231951DD0A}.Release|Any CPU.ActiveCfg = Release|Any CPU
		{386BC344-725F-40C3-907F-B5231951DD0A}.Release|Any CPU.Build.0 = Release|Any CPU
	EndGlobalSection
EndGlobal
